{
  "version": 4,
  "terraform_version": "1.9.5",
  "serial": 3,
  "lineage": "8be04c74-0484-e2cf-d218-3e9dfcba3a38",
  "outputs": {},
  "resources": [
    {
      "mode": "data",
      "type": "archive_file",
      "name": "lambda_zip",
      "provider": "provider[\"registry.terraform.io/hashicorp/archive\"]",
      "instances": [
        {
          "schema_version": 0,
          "attributes": {
            "exclude_symlink_directories": null,
            "excludes": null,
            "id": "8e5dc38d6c89e757ac203ad53a63cc66c7fdd52c",
            "output_base64sha256": "TgvvVEnFOeGZz58iawua5oKnRkfiUPiibsdNJBCkGiw=",
            "output_base64sha512": "u9E10I7t4gSWSiOo8Bs8KXN27I5b7w4at5gapUOZe9cu+VK+vpMtBOCEWeBBGN70kK20sohgaJ/J7MTzXNGEdQ==",
            "output_file_mode": null,
            "output_md5": "07cbcd8ecbf31f44eb121443990cb2dc",
            "output_path": "/tmp/lambda.zip",
            "output_sha": "8e5dc38d6c89e757ac203ad53a63cc66c7fdd52c",
            "output_sha256": "4e0bef5449c539e199cf9f226b0b9ae682a74647e250f8a26ec74d2410a41a2c",
            "output_sha512": "bbd135d08eede204964a23a8f01b3c297376ec8e5bef0e1ab7981aa543997bd72ef952bebe932d04e08459e04118def490adb4b28860689fc9ecc4f35cd18475",
            "output_size": 753,
            "source": [],
            "source_content": null,
            "source_content_filename": null,
            "source_dir": null,
            "source_file": "./lambda_function.zip",
            "type": "zip"
          },
          "sensitive_attributes": []
        }
      ]
    },
    {
      "mode": "managed",
      "type": "aws_iam_role",
      "name": "lambda_exec",
      "provider": "provider[\"registry.terraform.io/hashicorp/aws\"]",
      "instances": [
        {
          "schema_version": 0,
          "attributes": {
            "arn": "arn:aws:iam::786520870242:role/lambda_exec_role",
            "assume_role_policy": "{\"Statement\":[{\"Action\":\"sts:AssumeRole\",\"Effect\":\"Allow\",\"Principal\":{\"Service\":\"lambda.amazonaws.com\"}}],\"Version\":\"2012-10-17\"}",
            "create_date": "2024-09-26T14:51:39Z",
            "description": "",
            "force_detach_policies": false,
            "id": "lambda_exec_role",
            "inline_policy": [],
            "managed_policy_arns": [],
            "max_session_duration": 3600,
            "name": "lambda_exec_role",
            "name_prefix": "",
            "path": "/",
            "permissions_boundary": "",
            "tags": null,
            "tags_all": {},
            "unique_id": "AROA3OICMBVRN4NXATIEW"
          },
          "sensitive_attributes": [],
          "private": "bnVsbA=="
        }
      ]
    },
    {
      "mode": "managed",
      "type": "aws_lambda_function",
      "name": "my_lambda",
      "provider": "provider[\"registry.terraform.io/hashicorp/aws\"]",
      "instances": [
        {
          "schema_version": 0,
          "attributes": {
            "architectures": [
              "x86_64"
            ],
            "arn": "arn:aws:lambda:us-east-1:786520870242:function:MyLambdaFunction",
            "code_sha256": "TgvvVEnFOeGZz58iawua5oKnRkfiUPiibsdNJBCkGiw=",
            "code_signing_config_arn": "",
            "dead_letter_config": [],
            "description": "",
            "environment": [],
            "ephemeral_storage": [
              {
                "size": 512
              }
            ],
            "file_system_config": [],
            "filename": "/tmp/lambda.zip",
            "function_name": "MyLambdaFunction",
            "handler": "lambda_function.lambda_handler",
            "id": "MyLambdaFunction",
            "image_config": [],
            "image_uri": "",
            "invoke_arn": "arn:aws:apigateway:us-east-1:lambda:path/2015-03-31/functions/arn:aws:lambda:us-east-1:786520870242:function:MyLambdaFunction/invocations",
            "kms_key_arn": "",
            "last_modified": "2024-09-26T14:51:47.904+0000",
            "layers": null,
            "logging_config": [
              {
                "application_log_level": "",
                "log_format": "Text",
                "log_group": "/aws/lambda/MyLambdaFunction",
                "system_log_level": ""
              }
            ],
            "memory_size": 128,
            "package_type": "Zip",
            "publish": false,
            "qualified_arn": "arn:aws:lambda:us-east-1:786520870242:function:MyLambdaFunction:$LATEST",
            "qualified_invoke_arn": "arn:aws:apigateway:us-east-1:lambda:path/2015-03-31/functions/arn:aws:lambda:us-east-1:786520870242:function:MyLambdaFunction:$LATEST/invocations",
            "replace_security_groups_on_destroy": null,
            "replacement_security_group_ids": null,
            "reserved_concurrent_executions": -1,
            "role": "arn:aws:iam::786520870242:role/lambda_exec_role",
            "runtime": "python3.8",
            "s3_bucket": null,
            "s3_key": null,
            "s3_object_version": null,
            "signing_job_arn": "",
            "signing_profile_version_arn": "",
            "skip_destroy": false,
            "snap_start": [],
            "source_code_hash": "TgvvVEnFOeGZz58iawua5oKnRkfiUPiibsdNJBCkGiw=",
            "source_code_size": 753,
            "tags": null,
            "tags_all": {},
            "timeout": 3,
            "timeouts": null,
            "tracing_config": [
              {
                "mode": "PassThrough"
              }
            ],
            "version": "$LATEST",
            "vpc_config": []
          },
          "sensitive_attributes": [],
          "private": "eyJlMmJmYjczMC1lY2FhLTExZTYtOGY4OC0zNDM2M2JjN2M0YzAiOnsiY3JlYXRlIjo2MDAwMDAwMDAwMDAsImRlbGV0ZSI6NjAwMDAwMDAwMDAwLCJ1cGRhdGUiOjYwMDAwMDAwMDAwMH19",
          "dependencies": [
            "aws_iam_role.lambda_exec",
            "data.archive_file.lambda_zip"
          ]
        }
      ]
    }
  ],
  "check_results": null
}
